
Microsoft Visual Studio Solution File, Format Version 12.00
# Visual Studio Version 16
VisualStudioVersion = 16.0.33423.256
MinimumVisualStudioVersion = 10.0.40219.1
Project("{FAE04EC0-301F-11D3-BF4B-00C04F79EFBC}") = "8 topic DB", "8 topic DB\8 topic DB.csproj", "{DD096D1D-C4D1-4633-B89E-B81159A1B150}"
EndProject
Global
	GlobalSection(SolutionConfigurationPlatforms) = preSolution
		Debug|Any CPU = Debug|Any CPU
		Release|Any CPU = Release|Any CPU
	EndGlobalSection
	GlobalSection(ProjectConfigurationPlatforms) = postSolution
		{DD096D1D-C4D1-4633-B89E-B81159A1B150}.Debug|Any CPU.ActiveCfg = Debug|Any CPU
		{DD096D1D-C4D1-4633-B89E-B81159A1B150}.Debug|Any CPU.Build.0 = Debug|Any CPU
		{DD096D1D-C4D1-4633-B89E-B81159A1B150}.Release|Any CPU.ActiveCfg = Release|Any CPU
		{DD096D1D-C4D1-4633-B89E-B81159A1B150}.Release|Any CPU.Build.0 = Release|Any CPU
	EndGlobalSection
	GlobalSection(SolutionProperties) = preSolution
		HideSolutionNode = FALSE
	EndGlobalSection
	GlobalSection(ExtensibilityGlobals) = postSolution
		SolutionGuid = {7003DD1B-C7E7-415C-BF65-038EC0F95D4E}
	EndGlobalSection
EndGlobal
